{
  "name": "lib-vite",
  "version": "0.0.0",
  "lockfileVersion": 1,
  "requires": true,
  "dependencies": {
    "@babel/parser": {
      "version": "7.15.7",
      "resolved": "https://registry.npmjs.org/@babel/parser/-/parser-7.15.7.tgz",
      "integrity": "sha512-rycZXvQ+xS9QyIcJ9HXeDWf1uxqlbVFAUq0Rq0dbc50Zb/+wUe/ehyfzGfm9KZZF0kBejYgxltBXocP+gKdL2g=="
    },
    "@vitejs/plugin-vue": {
      "version": "1.9.1",
      "resolved": "https://registry.npmjs.org/@vitejs/plugin-vue/-/plugin-vue-1.9.1.tgz",
      "integrity": "sha512-9YuxaU2nLoSS/S1Ep4QTG/pEIh96LlauNM1g7LN/EOJ14Nj8HBeSy1OL26ydxb+MPhKn5XKGARh5wQF0UjHbLw==",
      "dev": true
    },
    "@vue/compiler-core": {
      "version": "3.2.17",
      "resolved": "https://registry.npmjs.org/@vue/compiler-core/-/compiler-core-3.2.17.tgz",
      "integrity": "sha512-2+RTRj8cOnCQ/yzu21q784BqaVtCs4Iym4BMwGAghGmtmC8PnHTnH42q9mlnw+cNhl9A3LsxeFzswLaJUjH/vA==",
      "requires": {
        "@babel/parser": "^7.15.0",
        "@vue/shared": "3.2.17",
        "estree-walker": "^2.0.2",
        "source-map": "^0.6.1"
      }
    },
    "@vue/compiler-dom": {
      "version": "3.2.17",
      "resolved": "https://registry.npmjs.org/@vue/compiler-dom/-/compiler-dom-3.2.17.tgz",
      "integrity": "sha512-ApLFcgIwKSwKSc70u0TpsDuq1d15v2JbBbIBWRhTr0+bU/3XH/bRyeU+9+goI4lkYBfCcOv8WdTp9NDyuKiOfw==",
      "requires": {
        "@vue/compiler-core": "3.2.17",
        "@vue/shared": "3.2.17"
      }
    },
    "@vue/compiler-sfc": {
      "version": "3.2.17",
      "resolved": "https://registry.npmjs.org/@vue/compiler-sfc/-/compiler-sfc-3.2.17.tgz",
      "integrity": "sha512-9Ii3F5UcG7kDHjYL8cY9K8eBwE7t/k2lURoNLZ6t9s4eV1VTHlMRcw6PyjYyDpEZBExPW+3bVA9zW9Sw2NLUAw==",
      "requires": {
        "@babel/parser": "^7.15.0",
        "@vue/compiler-core": "3.2.17",
        "@vue/compiler-dom": "3.2.17",
        "@vue/compiler-ssr": "3.2.17",
        "@vue/ref-transform": "3.2.17",
        "@vue/shared": "3.2.17",
        "estree-walker": "^2.0.2",
        "magic-string": "^0.25.7",
        "postcss": "^8.1.10",
        "source-map": "^0.6.1"
      }
    },
    "@vue/compiler-ssr": {
      "version": "3.2.17",
      "resolved": "https://registry.npmjs.org/@vue/compiler-ssr/-/compiler-ssr-3.2.17.tgz",
      "integrity": "sha512-4QvwzMhh58Re6UZTYQArenr6xFRbLn4rzcYDRMK9Wx7FxRfVc6K8WvAlrF8np9rZFv+KVN1sDuVrDOAJw2LnQA==",
      "requires": {
        "@vue/compiler-dom": "3.2.17",
        "@vue/shared": "3.2.17"
      }
    },
    "@vue/reactivity": {
      "version": "3.2.17",
      "resolved": "https://registry.npmjs.org/@vue/reactivity/-/reactivity-3.2.17.tgz",
      "integrity": "sha512-v32EKAknU031dBJ3+ka6qtBO+aF7Q88XDuJpqz2wy2ClZZGrtssrUkmzclXcSfZtgegUMvF9RXatJLfaWlx2rw==",
      "requires": {
        "@vue/shared": "3.2.17"
      }
    },
    "@vue/ref-transform": {
      "version": "3.2.17",
      "resolved": "https://registry.npmjs.org/@vue/ref-transform/-/ref-transform-3.2.17.tgz",
      "integrity": "sha512-7SBA+8S6Ih7V9TONRhlVRuLlJrPDhix0rjywFWO9zz69StB2JVVDkb10FuqxPhwF0AHnMYGHYaZm//Ef6zC7Jg==",
      "requires": {
        "@babel/parser": "^7.15.0",
        "@vue/compiler-core": "3.2.17",
        "@vue/shared": "3.2.17",
        "estree-walker": "^2.0.2",
        "magic-string": "^0.25.7"
      }
    },
    "@vue/runtime-core": {
      "version": "3.2.17",
      "resolved": "https://registry.npmjs.org/@vue/runtime-core/-/runtime-core-3.2.17.tgz",
      "integrity": "sha512-enBlKth0PRA8126MgkmoJjdil3+2QV6TQHWBG5XDpRHKl92pp4cRz6B+4g0kxv9qRZF8cPIS9SGepCaF//ETFQ==",
      "requires": {
        "@vue/reactivity": "3.2.17",
        "@vue/shared": "3.2.17"
      }
    },
    "@vue/runtime-dom": {
      "version": "3.2.17",
      "resolved": "https://registry.npmjs.org/@vue/runtime-dom/-/runtime-dom-3.2.17.tgz",
      "integrity": "sha512-koaWKNsqhc6T5FFPgVbBLk0QBpAkcYI/Z6F8fWhdqaraR7sE/J1z2Wihli9f90vTu0a/XME5doh8ds6ow9Bl8Q==",
      "requires": {
        "@vue/runtime-core": "3.2.17",
        "@vue/shared": "3.2.17",
        "csstype": "^2.6.8"
      }
    },
    "@vue/server-renderer": {
      "version": "3.2.17",
      "resolved": "https://registry.npmjs.org/@vue/server-renderer/-/server-renderer-3.2.17.tgz",
      "integrity": "sha512-+2jMiJFIIBWLPP5EcfO6z8pMmkB7P2Bi1TcZfKUi8gWeuiksIslOFr8b4sGko7N/tFr5N811yQKnIMxXb8nmLg==",
      "requires": {
        "@vue/compiler-ssr": "3.2.17",
        "@vue/shared": "3.2.17"
      }
    },
    "@vue/shared": {
      "version": "3.2.17",
      "resolved": "https://registry.npmjs.org/@vue/shared/-/shared-3.2.17.tgz",
      "integrity": "sha512-lEZcMxSF7RTuBhx7PTKNEHJAlLXZGV7HduPNTZ60hZNP7WJybIVpeD6h9mU8L5agPfB/v1K3vildbgIKRnVuug=="
    },
    "csstype": {
      "version": "2.6.18",
      "resolved": "https://registry.npmjs.org/csstype/-/csstype-2.6.18.tgz",
      "integrity": "sha512-RSU6Hyeg14am3Ah4VZEmeX8H7kLwEEirXe6aU2IPfKNvhXwTflK5HQRDNI0ypQXoqmm+QPyG2IaPuQE5zMwSIQ=="
    },
    "esbuild": {
      "version": "0.13.2",
      "resolved": "https://registry.npmjs.org/esbuild/-/esbuild-0.13.2.tgz",
      "integrity": "sha512-/tpIqo45hyRREGqh7hsIut8GwY1X2n9IhKbIwRIXUO6IohzG3/RarSGX7dT2eNvYzIbQmelpX+ZyuIphE5u+Bw==",
      "dev": true,
      "requires": {
        "esbuild-android-arm64": "0.13.2",
        "esbuild-darwin-64": "0.13.2",
        "esbuild-darwin-arm64": "0.13.2",
        "esbuild-freebsd-64": "0.13.2",
        "esbuild-freebsd-arm64": "0.13.2",
        "esbuild-linux-32": "0.13.2",
        "esbuild-linux-64": "0.13.2",
        "esbuild-linux-arm": "0.13.2",
        "esbuild-linux-arm64": "0.13.2",
        "esbuild-linux-mips64le": "0.13.2",
        "esbuild-linux-ppc64le": "0.13.2",
        "esbuild-openbsd-64": "0.13.2",
        "esbuild-sunos-64": "0.13.2",
        "esbuild-windows-32": "0.13.2",
        "esbuild-windows-64": "0.13.2",
        "esbuild-windows-arm64": "0.13.2"
      }
    },
    "esbuild-android-arm64": {
      "version": "0.13.2",
      "resolved": "https://registry.npmjs.org/esbuild-android-arm64/-/esbuild-android-arm64-0.13.2.tgz",
      "integrity": "sha512-Eh2paXUWYqf5JgikdkC0LnhtjSC8tGAz/L2kJRlMC0o3DzOBIxcmT2fdzBerdhW4roY0bOExfcO6deI1qsxI/A==",
      "dev": true,
      "optional": true
    },
    "esbuild-darwin-64": {
      "version": "0.13.2",
      "resolved": "https://registry.npmjs.org/esbuild-darwin-64/-/esbuild-darwin-64-0.13.2.tgz",
      "integrity": "sha512-jqp6uXHIIAWZ8kxRqFjxyMmIE1cuSbINellwwigOgk44eLg74ls82oqjY72MbDAowPivQkOU/fF7tsyaGQf5Zg==",
      "dev": true,
      "optional": true
    },
    "esbuild-darwin-arm64": {
      "version": "0.13.2",
      "resolved": "https://registry.npmjs.org/esbuild-darwin-arm64/-/esbuild-darwin-arm64-0.13.2.tgz",
      "integrity": "sha512-bD4oAyPZdzOWEA/JoX0sAitOhjJRwhomhWMeyRyowtlVQhQleG2ijRUKTvkq4CAvSobrW5EnZxjvHNKJ5L7zJg==",
      "dev": true,
      "optional": true
    },
    "esbuild-freebsd-64": {
      "version": "0.13.2",
      "resolved": "https://registry.npmjs.org/esbuild-freebsd-64/-/esbuild-freebsd-64-0.13.2.tgz",
      "integrity": "sha512-fFJ0yc3lZyfwca+F5OPN/s+izozWryUQpN8aUMIdUkOa7UKX0h3xXrKnkDgdOo8vy3d1A6zHH0/4f2VJfEzLCg==",
      "dev": true,
      "optional": true
    },
    "esbuild-freebsd-arm64": {
      "version": "0.13.2",
      "resolved": "https://registry.npmjs.org/esbuild-freebsd-arm64/-/esbuild-freebsd-arm64-0.13.2.tgz",
      "integrity": "sha512-DWBZauEfjmqdfWxIacI+KBEim3ulOjtvK+WVm1bX67XlfyUVIkD915OIfT2EBhQUWmv+Z0tZZwskSMNj5DKojw==",
      "dev": true,
      "optional": true
    },
    "esbuild-linux-32": {
      "version": "0.13.2",
      "resolved": "https://registry.npmjs.org/esbuild-linux-32/-/esbuild-linux-32-0.13.2.tgz",
      "integrity": "sha512-Gt2rNqqRCRh1QQC2d83KP0iWIXWQYpns7l2+41a1n0PQxXkQ5AarpjjL9mUzdXtcZauNXbUvWwBKAuBTCW+XQg==",
      "dev": true,
      "optional": true
    },
    "esbuild-linux-64": {
      "version": "0.13.2",
      "resolved": "https://registry.npmjs.org/esbuild-linux-64/-/esbuild-linux-64-0.13.2.tgz",
      "integrity": "sha512-yT0D5Xly8oGHuqq975k1XUyULHzk3fN/ZlTY+awlU+nCFsYPZ43NE5msGpxlNQu8i6KOXQEke5GXN3y5d+Zd4g==",
      "dev": true,
      "optional": true
    },
    "esbuild-linux-arm": {
      "version": "0.13.2",
      "resolved": "https://registry.npmjs.org/esbuild-linux-arm/-/esbuild-linux-arm-0.13.2.tgz",
      "integrity": "sha512-KXeyotqj9jbvCjbSpwnxDE8E8jKoBgrgbJpOvvY5Zz7Pp2fAwu/94vWQtE/jPEJndY4C4MSs+ryJLFWzmLOa4w==",
      "dev": true,
      "optional": true
    },
    "esbuild-linux-arm64": {
      "version": "0.13.2",
      "resolved": "https://registry.npmjs.org/esbuild-linux-arm64/-/esbuild-linux-arm64-0.13.2.tgz",
      "integrity": "sha512-qwXL+3NDCWiC8RMKBBETpuOWdC+pUAUS+pwg9jJmapYblLdVKkyRtwF/ogj06TdYs6riSSNikW8HK/Xs0HHbbQ==",
      "dev": true,
      "optional": true
    },
    "esbuild-linux-mips64le": {
      "version": "0.13.2",
      "resolved": "https://registry.npmjs.org/esbuild-linux-mips64le/-/esbuild-linux-mips64le-0.13.2.tgz",
      "integrity": "sha512-sx8eheRX2XC2ppNAsbQm8/VUcU8XPYGpJK0BEyRefqHONz6u5Ib2guUdOz2Wh4YlbA7oOd482lHjprXSTwUcrQ==",
      "dev": true,
      "optional": true
    },
    "esbuild-linux-ppc64le": {
      "version": "0.13.2",
      "resolved": "https://registry.npmjs.org/esbuild-linux-ppc64le/-/esbuild-linux-ppc64le-0.13.2.tgz",
      "integrity": "sha512-y8iZ3qy2TIAKKsZ6xSopCztHOtGW9oiYDl22vQ0UIoVWjnfRKrbSzX7Y2F94y32hSvRWle6OhAIC+UpS5nQmIA==",
      "dev": true,
      "optional": true
    },
    "esbuild-openbsd-64": {
      "version": "0.13.2",
      "resolved": "https://registry.npmjs.org/esbuild-openbsd-64/-/esbuild-openbsd-64-0.13.2.tgz",
      "integrity": "sha512-g6AYrjBeV9OK624bw0KQ1TjHJQSW+X1Yicyd1NvDWqSFpMqKAjw7EUX4tA87mOFqv8BflPGr4f43ySgNvSVzIw==",
      "dev": true,
      "optional": true
    },
    "esbuild-sunos-64": {
      "version": "0.13.2",
      "resolved": "https://registry.npmjs.org/esbuild-sunos-64/-/esbuild-sunos-64-0.13.2.tgz",
      "integrity": "sha512-hIXvFIyrqwFd6v62XSra0ctCUXDS9Tu5D6QYbvnbhEoBmvD/TmEJRYRH48/+xmRifKJLzu6aegcrjAsDmaww7g==",
      "dev": true,
      "optional": true
    },
    "esbuild-windows-32": {
      "version": "0.13.2",
      "resolved": "https://registry.npmjs.org/esbuild-windows-32/-/esbuild-windows-32-0.13.2.tgz",
      "integrity": "sha512-Y767LG0NFkw0sPoDVOTKC5gaj4vURjjWfSCCDV5awpXXxBKOF2zsIp3aia4KvVoivoSSeRPk3emDd0OPHuPrKg==",
      "dev": true,
      "optional": true
    },
    "esbuild-windows-64": {
      "version": "0.13.2",
      "resolved": "https://registry.npmjs.org/esbuild-windows-64/-/esbuild-windows-64-0.13.2.tgz",
      "integrity": "sha512-01b59kVJUMasctn6lzswC0drchr7zO75QtF22o5w0nlOw0Zorw0loY/8i5choFuWc30gXJId9qBSc1zPvt7uEw==",
      "dev": true,
      "optional": true
    },
    "esbuild-windows-arm64": {
      "version": "0.13.2",
      "resolved": "https://registry.npmjs.org/esbuild-windows-arm64/-/esbuild-windows-arm64-0.13.2.tgz",
      "integrity": "sha512-HxyY604ytmh8NkPYyS1TdIB/bFS7DWd1hP90e8Ovo/elEdN5I13h0tyIatDYZkXKS0Ztk+9T/3h6K0fI1a/4tQ==",
      "dev": true,
      "optional": true
    },
    "estree-walker": {
      "version": "2.0.2",
      "resolved": "https://registry.npmjs.org/estree-walker/-/estree-walker-2.0.2.tgz",
      "integrity": "sha512-Rfkk/Mp/DL7JVje3u18FxFujQlTNR2q6QfMSMB7AvCBx91NGj/ba3kCfza0f6dVDbw7YlRf/nDrn7pQrCCyQ/w=="
    },
    "fsevents": {
      "version": "2.3.2",
      "resolved": "https://registry.npmjs.org/fsevents/-/fsevents-2.3.2.tgz",
      "integrity": "sha512-xiqMQR4xAeHTuB9uWm+fFRcIOgKBMiOBP+eXiyT7jsgVCq1bkVygt00oASowB7EdtpOHaaPgKt812P9ab+DDKA==",
      "dev": true,
      "optional": true
    },
    "function-bind": {
      "version": "1.1.1",
      "resolved": "https://registry.npmjs.org/function-bind/-/function-bind-1.1.1.tgz",
      "integrity": "sha512-yIovAzMX49sF8Yl58fSCWJ5svSLuaibPxXQJFLmBObTuCr0Mf1KiPopGM9NiFjiYBCbfaa2Fh6breQ6ANVTI0A==",
      "dev": true
    },
    "has": {
      "version": "1.0.3",
      "resolved": "https://registry.npmjs.org/has/-/has-1.0.3.tgz",
      "integrity": "sha512-f2dvO0VU6Oej7RkWJGrehjbzMAjFp5/VKPp5tTpWIV4JHHZK1/BxbFRtf/siA2SWTe09caDmVtYYzWEIbBS4zw==",
      "dev": true,
      "requires": {
        "function-bind": "^1.1.1"
      }
    },
    "is-core-module": {
      "version": "2.6.0",
      "resolved": "https://registry.npmjs.org/is-core-module/-/is-core-module-2.6.0.tgz",
      "integrity": "sha512-wShG8vs60jKfPWpF2KZRaAtvt3a20OAn7+IJ6hLPECpSABLcKtFKTTI4ZtH5QcBruBHlq+WsdHWyz0BCZW7svQ==",
      "dev": true,
      "requires": {
        "has": "^1.0.3"
      }
    },
    "magic-string": {
      "version": "0.25.7",
      "resolved": "https://registry.npmjs.org/magic-string/-/magic-string-0.25.7.tgz",
      "integrity": "sha512-4CrMT5DOHTDk4HYDlzmwu4FVCcIYI8gauveasrdCu2IKIFOJ3f0v/8MDGJCDL9oD2ppz/Av1b0Nj345H9M+XIA==",
      "requires": {
        "sourcemap-codec": "^1.4.4"
      }
    },
    "nanocolors": {
      "version": "0.1.12",
      "resolved": "https://registry.npmjs.org/nanocolors/-/nanocolors-0.1.12.tgz",
      "integrity": "sha512-2nMHqg1x5PU+unxX7PGY7AuYxl2qDx7PSrTRjizr8sxdd3l/3hBuWWaki62qmtYm2U5i4Z5E7GbjlyDFhs9/EQ=="
    },
    "nanoid": {
      "version": "3.1.25",
      "resolved": "https://registry.npmjs.org/nanoid/-/nanoid-3.1.25.tgz",
      "integrity": "sha512-rdwtIXaXCLFAQbnfqDRnI6jaRHp9fTcYBjtFKE8eezcZ7LuLjhUaQGNeMXf1HmRoCH32CLz6XwX0TtxEOS/A3Q=="
    },
    "path-parse": {
      "version": "1.0.7",
      "resolved": "https://registry.npmjs.org/path-parse/-/path-parse-1.0.7.tgz",
      "integrity": "sha512-LDJzPVEEEPR+y48z93A0Ed0yXb8pAByGWo/k5YYdYgpY2/2EsOsksJrq7lOHxryrVOn1ejG6oAp8ahvOIQD8sw==",
      "dev": true
    },
    "postcss": {
      "version": "8.3.7",
      "resolved": "https://registry.npmjs.org/postcss/-/postcss-8.3.7.tgz",
      "integrity": "sha512-9SaY7nnyQ63/WittqZYAvkkYPyKxchMKH71UDzeTmWuLSvxTRpeEeABZAzlCi55cuGcoFyoV/amX2BdsafQidQ==",
      "requires": {
        "nanocolors": "^0.1.5",
        "nanoid": "^3.1.25",
        "source-map-js": "^0.6.2"
      }
    },
    "resolve": {
      "version": "1.20.0",
      "resolved": "https://registry.npmjs.org/resolve/-/resolve-1.20.0.tgz",
      "integrity": "sha512-wENBPt4ySzg4ybFQW2TT1zMQucPK95HSh/nq2CFTZVOGut2+pQvSsgtda4d26YrYcr067wjbmzOG8byDPBX63A==",
      "dev": true,
      "requires": {
        "is-core-module": "^2.2.0",
        "path-parse": "^1.0.6"
      }
    },
    "rollup": {
      "version": "2.57.0",
      "resolved": "https://registry.npmjs.org/rollup/-/rollup-2.57.0.tgz",
      "integrity": "sha512-bKQIh1rWKofRee6mv8SrF2HdP6pea5QkwBZSMImJysFj39gQuiV8MEPBjXOCpzk3wSYp63M2v2wkWBmFC8O/rg==",
      "dev": true,
      "requires": {
        "fsevents": "~2.3.2"
      }
    },
    "source-map": {
      "version": "0.6.1",
      "resolved": "https://registry.npmjs.org/source-map/-/source-map-0.6.1.tgz",
      "integrity": "sha512-UjgapumWlbMhkBgzT7Ykc5YXUT46F0iKu8SGXq0bcwP5dz/h0Plj6enJqjz1Zbq2l5WaqYnrVbwWOWMyF3F47g=="
    },
    "source-map-js": {
      "version": "0.6.2",
      "resolved": "https://registry.npmjs.org/source-map-js/-/source-map-js-0.6.2.tgz",
      "integrity": "sha512-/3GptzWzu0+0MBQFrDKzw/DvvMTUORvgY6k6jd/VS6iCR4RDTKWH6v6WPwQoUO8667uQEf9Oe38DxAYWY5F/Ug=="
    },
    "sourcemap-codec": {
      "version": "1.4.8",
      "resolved": "https://registry.npmjs.org/sourcemap-codec/-/sourcemap-codec-1.4.8.tgz",
      "integrity": "sha512-9NykojV5Uih4lgo5So5dtw+f0JgJX30KCNI8gwhz2J9A15wD0Ml6tjHKwf6fTSa6fAdVBdZeNOs9eJ71qCk8vA=="
    },
    "vite": {
      "version": "2.6.0-beta.2",
      "resolved": "https://registry.npmjs.org/vite/-/vite-2.6.0-beta.2.tgz",
      "integrity": "sha512-44jkr/QQ1dKzYhfieOxTql3QO/maZKUplrbnFUrSqU4wUE/kO4Sz0k8xH0pcf3r6u66rWe446lyq2MCyQpwoDg==",
      "dev": true,
      "requires": {
        "esbuild": "^0.13.1",
        "fsevents": "~2.3.2",
        "postcss": "^8.3.7",
        "resolve": "^1.20.0",
        "rollup": "^2.57.0"
      }
    },
    "vue": {
      "version": "3.2.17",
      "resolved": "https://registry.npmjs.org/vue/-/vue-3.2.17.tgz",
      "integrity": "sha512-nkf3AHp7sBSFMOBZ4dyoKxcY6hM0GyAqPt21GtImUpx3Xpg1j05KpCkAgvlFGO2YOLVMai872KIAwBK0KYom+A==",
      "requires": {
        "@vue/compiler-dom": "3.2.17",
        "@vue/compiler-sfc": "3.2.17",
        "@vue/runtime-dom": "3.2.17",
        "@vue/server-renderer": "3.2.17",
        "@vue/shared": "3.2.17"
      }
    }
  }
}
